{
	"name": "dt",
	"version": "1.0.0",
	"lockfileVersion": 1,
	"requires": true,
	"dependencies": {
		"@uirouter/core": {
			"version": "5.0.3",
			"resolved": "http://registry.npm.taobao.org/@uirouter/core/download/@uirouter/core-5.0.3.tgz",
			"integrity": "sha1-4rWx5FGQ4gxnuk4VwBPeXU4MyrM="
		},
		"angular": {
			"version": "1.5.11",
			"resolved": "http://registry.npm.taobao.org/angular/download/angular-1.5.11.tgz",
			"integrity": "sha1-jFunOG8VllyazzQp9ogVU6raMNY="
		},
		"angular-chosen": {
			"version": "1.0.8",
			"resolved": "http://registry.npm.taobao.org/angular-chosen/download/angular-chosen-1.0.8.tgz",
			"integrity": "sha1-2o89zo2z8Ra2dLdjKnHL0rzxHfI="
		},
		"angular-chosen-localytics": {
			"version": "1.8.0",
			"resolved": "http://registry.npm.taobao.org/angular-chosen-localytics/download/angular-chosen-localytics-1.8.0.tgz",
			"integrity": "sha1-xWbhbwt4u7vIOPeZXlOopd6I6qw=",
			"requires": {
				"angular": "1.5.11",
				"chosen-js": "1.8.7",
				"jquery": "3.3.1"
			}
		},
		"angular-confirm": {
			"version": "1.2.6",
			"resolved": "http://registry.npm.taobao.org/angular-confirm/download/angular-confirm-1.2.6.tgz",
			"integrity": "sha1-eYjl7gvXkpFC5vYhn1uszCi1GZs="
		},
		"angular-datatables": {
			"version": "0.6.2",
			"resolved": "http://registry.npm.taobao.org/angular-datatables/download/angular-datatables-0.6.2.tgz",
			"integrity": "sha1-wBiAr7eeWydoLg7RKx3BovmA9N4=",
			"requires": {
				"angular": "1.7.2",
				"datatables.net": "1.10.19",
				"datatables.net-dt": "1.10.19",
				"jquery": "3.3.1"
			},
			"dependencies": {
				"angular": {
					"version": "1.7.2",
					"resolved": "http://registry.npm.taobao.org/angular/download/angular-1.7.2.tgz",
					"integrity": "sha1-aHuVXb5cUz+Nc0YEYXB68ANgJR8="
				}
			}
		},
		"angular-loading-bar": {
			"version": "0.9.0",
			"resolved": "http://registry.npm.taobao.org/angular-loading-bar/download/angular-loading-bar-0.9.0.tgz",
			"integrity": "sha1-N+9Swl8QLCFuezzf0vxaXflijkU="
		},
		"angular-sanitize": {
			"version": "1.5.11",
			"resolved": "http://registry.npm.taobao.org/angular-sanitize/download/angular-sanitize-1.5.11.tgz",
			"integrity": "sha1-6/s/ND5UP5su8FD7TC6e4EjRdy8="
		},
		"angular-swx-local-storage": {
			"version": "1.0.0",
			"resolved": "http://registry.npm.taobao.org/angular-swx-local-storage/download/angular-swx-local-storage-1.0.0.tgz",
			"integrity": "sha1-KCheGvDDENoFLx9bBLauDfpHvAc=",
			"requires": {
				"angular": "1.5.11"
			}
		},
		"angular-translate": {
			"version": "2.5.2",
			"resolved": "http://registry.npm.taobao.org/angular-translate/download/angular-translate-2.5.2.tgz",
			"integrity": "sha1-imWrGAMKC32yR5yivmVirpT/L3o="
		},
		"angular-ui-bootstrap": {
			"version": "1.1.2",
			"resolved": "http://registry.npm.taobao.org/angular-ui-bootstrap/download/angular-ui-bootstrap-1.1.2.tgz",
			"integrity": "sha1-U2LWa4suc1JqMS45jmrE5fqzCG8="
		},
		"angular-ui-router": {
			"version": "1.0.3",
			"resolved": "http://registry.npm.taobao.org/angular-ui-router/download/angular-ui-router-1.0.3.tgz",
			"integrity": "sha1-vySUyq6Vw3zwGvN2HYl0fP7S20U=",
			"requires": {
				"@uirouter/core": "5.0.3"
			}
		},
		"bootstrap": {
			"version": "3.3.7",
			"resolved": "http://registry.npm.taobao.org/bootstrap/download/bootstrap-3.3.7.tgz",
			"integrity": "sha1-WjiTlFSfIzMIdaOxUGVldPip63E="
		},
		"bootstrap-duallistbox": {
			"version": "3.0.6",
			"resolved": "http://registry.npm.taobao.org/bootstrap-duallistbox/download/bootstrap-duallistbox-3.0.6.tgz",
			"integrity": "sha1-snYwPWrYb6drTWTgJz6yl6q5n9A="
		},
		"chosen-js": {
			"version": "1.8.7",
			"resolved": "http://registry.npm.taobao.org/chosen-js/download/chosen-js-1.8.7.tgz",
			"integrity": "sha1-m/pVl/UIHWAv9K6QSvmu8zJlux0="
		},
		"datatables": {
			"version": "1.10.18",
			"resolved": "http://registry.npm.taobao.org/datatables/download/datatables-1.10.18.tgz",
			"integrity": "sha1-/uFugqpwsXxfrxppVKxo9ATzOnA=",
			"requires": {
				"jquery": "3.3.1"
			}
		},
		"datatables-buttons": {
			"version": "1.0.3",
			"resolved": "http://registry.npm.taobao.org/datatables-buttons/download/datatables-buttons-1.0.3.tgz",
			"integrity": "sha1-zD1clwAvg5ge4ru44jtBJ96Oflc=",
			"requires": {
				"datatables": "1.10.18",
				"jquery": "3.3.1"
			}
		},
		"datatables-responsive": {
			"version": "1.0.7",
			"resolved": "http://registry.npm.taobao.org/datatables-responsive/download/datatables-responsive-1.0.7.tgz",
			"integrity": "sha1-2Q5FeB3CF5+dIA37fwjv9JIJb84=",
			"requires": {
				"datatables": "1.10.18",
				"jquery": "3.3.1"
			}
		},
		"datatables-select": {
			"version": "1.1.0",
			"resolved": "http://registry.npm.taobao.org/datatables-select/download/datatables-select-1.1.0.tgz",
			"integrity": "sha1-l9YTyXlPfRB5la1LNY8k4E9QmPE=",
			"requires": {
				"datatables": "1.10.18",
				"jquery": "3.3.1"
			}
		},
		"datatables.net": {
			"version": "1.10.19",
			"resolved": "http://registry.npm.taobao.org/datatables.net/download/datatables.net-1.10.19.tgz",
			"integrity": "sha1-l6HtQcheYtYQQGA0gbWXkKFy3R8=",
			"requires": {
				"jquery": "3.3.1"
			}
		},
		"datatables.net-dt": {
			"version": "1.10.19",
			"resolved": "http://registry.npm.taobao.org/datatables.net-dt/download/datatables.net-dt-1.10.19.tgz",
			"integrity": "sha1-/GaOSUKsbjMb4nB5ddDzPgGvtg8=",
			"requires": {
				"datatables.net": "1.10.19",
				"jquery": "3.3.1"
			}
		},
		"dropzone": {
			"version": "4.3.0",
			"resolved": "http://registry.npm.taobao.org/dropzone/download/dropzone-4.3.0.tgz",
			"integrity": "sha1-SLC48q0JKHLktTW2cqfD8aHWfJE="
		},
		"jquery": {
			"version": "3.3.1",
			"resolved": "http://registry.npm.taobao.org/jquery/download/jquery-3.3.1.tgz",
			"integrity": "sha1-lYzinoHJeQ8xvneS311NlfxX+8o="
		},
		"jquery-slimscroll": {
			"version": "1.3.6",
			"resolved": "http://registry.npm.taobao.org/jquery-slimscroll/download/jquery-slimscroll-1.3.6.tgz",
			"integrity": "sha1-NF2drhcHWS1yAoIQAoTfs29xDn0=",
			"requires": {
				"jquery": "3.3.1"
			}
		},
		"jstree": {
			"version": "3.3.4",
			"resolved": "http://registry.npm.taobao.org/jstree/download/jstree-3.3.4.tgz",
			"integrity": "sha1-PQibuWI71vPyX2TE5M5UezDUAmQ=",
			"requires": {
				"jquery": "3.3.1"
			}
		},
		"metismenu": {
			"version": "2.0.2",
			"resolved": "http://registry.npm.taobao.org/metismenu/download/metismenu-2.0.2.tgz",
			"integrity": "sha1-OfY/Rp+us9kyIETUDx++gD1KpBc="
		},
		"ng-idle": {
			"version": "1.0.4",
			"resolved": "http://registry.npm.taobao.org/ng-idle/download/ng-idle-1.0.4.tgz",
			"integrity": "sha1-xtXetvOmP9QJMF6M/8ykMgVBEVk="
		},
		"ng-js-tree": {
			"version": "0.0.10",
			"resolved": "http://registry.npm.taobao.org/ng-js-tree/download/ng-js-tree-0.0.10.tgz",
			"integrity": "sha1-htpmgb9EtCHf6iRTJ6j//CM/dq0=",
			"requires": {
				"angular": "1.4.14",
				"jstree": "3.2.1"
			},
			"dependencies": {
				"angular": {
					"version": "1.4.14",
					"resolved": "http://registry.npm.taobao.org/angular/download/angular-1.4.14.tgz",
					"integrity": "sha1-nQ/q9gzm5SzlD0nuMoZW0eGHXDc="
				},
				"jstree": {
					"version": "3.2.1",
					"resolved": "http://registry.npm.taobao.org/jstree/download/jstree-3.2.1.tgz",
					"integrity": "sha1-AEZtfd5273RA7VQR7qZK8GL/AVQ=",
					"requires": {
						"jquery": "3.3.1"
					}
				}
			}
		},
		"oclazyload": {
			"version": "0.5.1",
			"resolved": "http://registry.npm.taobao.org/oclazyload/download/oclazyload-0.5.1.tgz",
			"integrity": "sha1-NYxnE4TBMlwBn8WRdWdO6kZgSZg="
		}
	}
}
